
Microsoft Visual Studio Solution File, Format Version 12.00
# Visual Studio Version 17
VisualStudioVersion = 17.11.35222.181
MinimumVisualStudioVersion = 10.0.40219.1
Project("{888888A0-9F3D-457C-B088-3A5042F75D52}") = "SillyBear_Assignment09", "SillyBear_Assignment09\SillyBear_Assignment09.pyproj", "{F85A4537-7598-4DA0-B57F-C1085C4DB4DC}"
EndProject
Global
	GlobalSection(SolutionConfigurationPlatforms) = preSolution
		Debug|Any CPU = Debug|Any CPU
		Release|Any CPU = Release|Any CPU
	EndGlobalSection
	GlobalSection(ProjectConfigurationPlatforms) = postSolution
		{F85A4537-7598-4DA0-B57F-C1085C4DB4DC}.Debug|Any CPU.ActiveCfg = Debug|Any CPU
		{F85A4537-7598-4DA0-B57F-C1085C4DB4DC}.Release|Any CPU.ActiveCfg = Release|Any CPU
	EndGlobalSection
	GlobalSection(SolutionProperties) = preSolution
		HideSolutionNode = FALSE
	EndGlobalSection
	GlobalSection(ExtensibilityGlobals) = postSolution
		SolutionGuid = {B8AC3725-989E-4C06-9090-E734145AC937}
	EndGlobalSection
EndGlobal
